
Microsoft Visual Studio Solution File, Format Version 12.00
# Visual Studio Version 17
VisualStudioVersion = 17.13.35913.81 d17.13
MinimumVisualStudioVersion = 10.0.40219.1
Project("{FAE04EC0-301F-11D3-BF4B-00C04F79EFBC}") = "Modules.Inventory.Domain", "src\Modules\Inventory\Domain\Modules.Inventory.Domain.csproj", "{C8EEC28A-E46F-B3C2-ED8F-9C463DCE690E}"
EndProject
Global
	GlobalSection(SolutionConfigurationPlatforms) = preSolution
		Debug|Any CPU = Debug|Any CPU
		Release|Any CPU = Release|Any CPU
	EndGlobalSection
	GlobalSection(ProjectConfigurationPlatforms) = postSolution
		{C8EEC28A-E46F-B3C2-ED8F-9C463DCE690E}.Debug|Any CPU.ActiveCfg = Debug|Any CPU
		{C8EEC28A-E46F-B3C2-ED8F-9C463DCE690E}.Debug|Any CPU.Build.0 = Debug|Any CPU
		{C8EEC28A-E46F-B3C2-ED8F-9C463DCE690E}.Release|Any CPU.ActiveCfg = Release|Any CPU
		{C8EEC28A-E46F-B3C2-ED8F-9C463DCE690E}.Release|Any CPU.Build.0 = Release|Any CPU
	EndGlobalSection
	GlobalSection(SolutionProperties) = preSolution
		HideSolutionNode = FALSE
	EndGlobalSection
	GlobalSection(ExtensibilityGlobals) = postSolution
		SolutionGuid = {79490D9D-9A14-4970-8854-DF545A34BF2F}
	EndGlobalSection
EndGlobal
